// !$*UTF8*$!
{
	archiveVersion = 1;
	classes = {
	};
	objectVersion = 50;
	objects = {

/* Begin PBXBuildFile section */
		D2DA899B264C3BD200817202 /* AppDelegate.swift in Sources */ = {isa = PBXBuildFile; fileRef = D2DA899A264C3BD200817202 /* AppDelegate.swift */; };
		D2DA899D264C3BD200817202 /* SceneDelegate.swift in Sources */ = {isa = PBXBuildFile; fileRef = D2DA899C264C3BD200817202 /* SceneDelegate.swift */; };
		D2DA899F264C3BD200817202 /* ViewController.swift in Sources */ = {isa = PBXBuildFile; fileRef = D2DA899E264C3BD200817202 /* ViewController.swift */; };
		D2DA89A2264C3BD200817202 /* Main.storyboard in Resources */ = {isa = PBXBuildFile; fileRef = D2DA89A0264C3BD200817202 /* Main.storyboard */; };
		D2DA89A5264C3BD200817202 /* Tasks.xcdatamodeld in Sources */ = {isa = PBXBuildFile; fileRef = D2DA89A3264C3BD200817202 /* Tasks.xcdatamodeld */; };
		D2DA89A7264C3BD300817202 /* Assets.xcassets in Resources */ = {isa = PBXBuildFile; fileRef = D2DA89A6264C3BD300817202 /* Assets.xcassets */; };
		D2DA89AA264C3BD300817202 /* LaunchScreen.storyboard in Resources */ = {isa = PBXBuildFile; fileRef = D2DA89A8264C3BD300817202 /* LaunchScreen.storyboard */; };
		D2DA89B5264C3BD300817202 /* TasksTests.swift in Sources */ = {isa = PBXBuildFile; fileRef = D2DA89B4264C3BD300817202 /* TasksTests.swift */; };
		D2DA89C0264C3BD300817202 /* TasksUITests.swift in Sources */ = {isa = PBXBuildFile; fileRef = D2DA89BF264C3BD300817202 /* TasksUITests.swift */; };
/* End PBXBuildFile section */

/* Begin PBXContainerItemProxy section */
		D2DA89B1264C3BD300817202 /* PBXContainerItemProxy */ = {
			isa = PBXContainerItemProxy;
			containerPortal = D2DA898F264C3BD200817202 /* Project object */;
			proxyType = 1;
			remoteGlobalIDString = D2DA8996264C3BD200817202;
			remoteInfo = Tasks;
		};
		D2DA89BC264C3BD300817202 /* PBXContainerItemProxy */ = {
			isa = PBXContainerItemProxy;
			containerPortal = D2DA898F264C3BD200817202 /* Project object */;
			proxyType = 1;
			remoteGlobalIDString = D2DA8996264C3BD200817202;
			remoteInfo = Tasks;
		};
/* End PBXContainerItemProxy section */

/* Begin PBXFileReference section */
		D2DA8997264C3BD200817202 /* Tasks.app */ = {isa = PBXFileReference; explicitFileType = wrapper.application; includeInIndex = 0; path = Tasks.app; sourceTree = BUILT_PRODUCTS_DIR; };
		D2DA899A264C3BD200817202 /* AppDelegate.swift */ = {isa = PBXFileReference; lastKnownFileType = sourcecode.swift; path = AppDelegate.swift; sourceTree = "<group>"; };
		D2DA899C264C3BD200817202 /* SceneDelegate.swift */ = {isa = PBXFileReference; lastKnownFileType = sourcecode.swift; path = SceneDelegate.swift; sourceTree = "<group>"; };
		D2DA899E264C3BD200817202 /* ViewController.swift */ = {isa = PBXFileReference; lastKnownFileType = sourcecode.swift; path = ViewController.swift; sourceTree = "<group>"; };
		D2DA89A1264C3BD200817202 /* Base */ = {isa = PBXFileReference; lastKnownFileType = file.storyboard; name = Base; path = Base.lproj/Main.storyboard; sourceTree = "<group>"; };
		D2DA89A4264C3BD200817202 /* Tasks.xcdatamodel */ = {isa = PBXFileReference; lastKnownFileType = wrapper.xcdatamodel; path = Tasks.xcdatamodel; sourceTree = "<group>"; };
		D2DA89A6264C3BD300817202 /* Assets.xcassets */ = {isa = PBXFileReference; lastKnownFileType = folder.assetcatalog; path = Assets.xcassets; sourceTree = "<group>"; };
		D2DA89A9264C3BD300817202 /* Base */ = {isa = PBXFileReference; lastKnownFileType = file.storyboard; name = Base; path = Base.lproj/LaunchScreen.storyboard; sourceTree = "<group>"; };
		D2DA89AB264C3BD300817202 /* Info.plist */ = {isa = PBXFileReference; lastKnownFileType = text.plist.xml; path = Info.plist; sourceTree = "<group>"; };
		D2DA89B0264C3BD300817202 /* TasksTests.xctest */ = {isa = PBXFileReference; explicitFileType = wrapper.cfbundle; includeInIndex = 0; path = TasksTests.xctest; sourceTree = BUILT_PRODUCTS_DIR; };
		D2DA89B4264C3BD300817202 /* TasksTests.swift */ = {isa = PBXFileReference; lastKnownFileType = sourcecode.swift; path = TasksTests.swift; sourceTree = "<group>"; };
		D2DA89B6264C3BD300817202 /* Info.plist */ = {isa = PBXFileReference; lastKnownFileType = text.plist.xml; path = Info.plist; sourceTree = "<group>"; };
		D2DA89BB264C3BD300817202 /* TasksUITests.xctest */ = {isa = PBXFileReference; explicitFileType = wrapper.cfbundle; includeInIndex = 0; path = TasksUITests.xctest; sourceTree = BUILT_PRODUCTS_DIR; };
		D2DA89BF264C3BD300817202 /* TasksUITests.swift */ = {isa = PBXFileReference; lastKnownFileType = sourcecode.swift; path = TasksUITests.swift; sourceTree = "<group>"; };
		D2DA89C1264C3BD300817202 /* Info.plist */ = {isa = PBXFileReference; lastKnownFileType = text.plist.xml; path = Info.plist; sourceTree = "<group>"; };
/* End PBXFileReference section */

/* Begin PBXFrameworksBuildPhase section */
		D2DA8994264C3BD200817202 /* Frameworks */ = {
			isa = PBXFrameworksBuildPhase;
			buildActionMask = 2147483647;
			files = (
			);
			runOnlyForDeploymentPostprocessing = 0;
		};
		D2DA89AD264C3BD300817202 /* Frameworks */ = {
			isa = PBXFrameworksBuildPhase;
			buildActionMask = 2147483647;
			files = (
			);
			runOnlyForDeploymentPostprocessing = 0;
		};
		D2DA89B8264C3BD300817202 /* Frameworks */ = {
			isa = PBXFrameworksBuildPhase;
			buildActionMask = 2147483647;
			files = (
			);
			runOnlyForDeploymentPostprocessing = 0;
		};
/* End PBXFrameworksBuildPhase section */

/* Begin PBXGroup section */
		D2DA898E264C3BD200817202 = {
			isa = PBXGroup;
			children = (
				D2DA8999264C3BD200817202 /* Tasks */,
				D2DA89B3264C3BD300817202 /* TasksTests */,
				D2DA89BE264C3BD300817202 /* TasksUITests */,
				D2DA8998264C3BD200817202 /* Products */,
			);
			sourceTree = "<group>";
		};
		D2DA8998264C3BD200817202 /* Products */ = {
			isa = PBXGroup;
			children = (
				D2DA8997264C3BD200817202 /* Tasks.app */,
				D2DA89B0264C3BD300817202 /* TasksTests.xctest */,
				D2DA89BB264C3BD300817202 /* TasksUITests.xctest */,
			);
			name = Products;
			sourceTree = "<group>";
		};
		D2DA8999264C3BD200817202 /* Tasks */ = {
			isa = PBXGroup;
			children = (
				D2DA899A264C3BD200817202 /* AppDelegate.swift */,
				D2DA899C264C3BD200817202 /* SceneDelegate.swift */,
				D2DA899E264C3BD200817202 /* ViewController.swift */,
				D2DA89A0264C3BD200817202 /* Main.storyboard */,
				D2DA89A6264C3BD300817202 /* Assets.xcassets */,
				D2DA89A8264C3BD300817202 /* LaunchScreen.storyboard */,
				D2DA89AB264C3BD300817202 /* Info.plist */,
				D2DA89A3264C3BD200817202 /* Tasks.xcdatamodeld */,
			);
			path = Tasks;
			sourceTree = "<group>";
		};
		D2DA89B3264C3BD300817202 /* TasksTests */ = {
			isa = PBXGroup;
			children = (
				D2DA89B4264C3BD300817202 /* TasksTests.swift */,
				D2DA89B6264C3BD300817202 /* Info.plist */,
			);
			path = TasksTests;
			sourceTree = "<group>";
		};
		D2DA89BE264C3BD300817202 /* TasksUITests */ = {
			isa = PBXGroup;
			children = (
				D2DA89BF264C3BD300817202 /* TasksUITests.swift */,
				D2DA89C1264C3BD300817202 /* Info.plist */,
			);
			path = TasksUITests;
			sourceTree = "<group>";
		};
/* End PBXGroup section */

/* Begin PBXNativeTarget section */
		D2DA8996264C3BD200817202 /* Tasks */ = {
			isa = PBXNativeTarget;
			buildConfigurationList = D2DA89C4264C3BD300817202 /* Build configuration list for PBXNativeTarget "Tasks" */;
			buildPhases = (
				D2DA8993264C3BD200817202 /* Sources */,
				D2DA8994264C3BD200817202 /* Frameworks */,
				D2DA8995264C3BD200817202 /* Resources */,
			);
			buildRules = (
			);
			dependencies = (
			);
			name = Tasks;
			productName = Tasks;
			productReference = D2DA8997264C3BD200817202 /* Tasks.app */;
			productType = "com.apple.product-type.application";
		};
		D2DA89AF264C3BD300817202 /* TasksTests */ = {
			isa = PBXNativeTarget;
			buildConfigurationList = D2DA89C7264C3BD300817202 /* Build configuration list for PBXNativeTarget "TasksTests" */;
			buildPhases = (
				D2DA89AC264C3BD300817202 /* Sources */,
				D2DA89AD264C3BD300817202 /* Frameworks */,
				D2DA89AE264C3BD300817202 /* Resources */,
			);
			buildRules = (
			);
			dependencies = (
				D2DA89B2264C3BD300817202 /* PBXTargetDependency */,
			);
			name = TasksTests;
			productName = TasksTests;
			productReference = D2DA89B0264C3BD300817202 /* TasksTests.xctest */;
			productType = "com.apple.product-type.bundle.unit-test";
		};
		D2DA89BA264C3BD300817202 /* TasksUITests */ = {
			isa = PBXNativeTarget;
			buildConfigurationList = D2DA89CA264C3BD300817202 /* Build configuration list for PBXNativeTarget "TasksUITests" */;
			buildPhases = (
				D2DA89B7264C3BD300817202 /* Sources */,
				D2DA89B8264C3BD300817202 /* Frameworks */,
				D2DA89B9264C3BD300817202 /* Resources */,
			);
			buildRules = (
			);
			dependencies = (
				D2DA89BD264C3BD300817202 /* PBXTargetDependency */,
			);
			name = TasksUITests;
			productName = TasksUITests;
			productReference = D2DA89BB264C3BD300817202 /* TasksUITests.xctest */;
			productType = "com.apple.product-type.bundle.ui-testing";
		};
/* End PBXNativeTarget section */

/* Begin PBXProject section */
		D2DA898F264C3BD200817202 /* Project object */ = {
			isa = PBXProject;
			attributes = {
				LastSwiftUpdateCheck = 1240;
				LastUpgradeCheck = 1240;
				TargetAttributes = {
					D2DA8996264C3BD200817202 = {
						CreatedOnToolsVersion = 12.4;
					};
					D2DA89AF264C3BD300817202 = {
						CreatedOnToolsVersion = 12.4;
						TestTargetID = D2DA8996264C3BD200817202;
					};
					D2DA89BA264C3BD300817202 = {
						CreatedOnToolsVersion = 12.4;
						TestTargetID = D2DA8996264C3BD200817202;
					};
				};
			};
			buildConfigurationList = D2DA8992264C3BD200817202 /* Build configuration list for PBXProject "Tasks" */;
			compatibilityVersion = "Xcode 9.3";
			developmentRegion = en;
			hasScannedForEncodings = 0;
			knownRegions = (
				en,
				Base,
			);
			mainGroup = D2DA898E264C3BD200817202;
			productRefGroup = D2DA8998264C3BD200817202 /* Products */;
			projectDirPath = "";
			projectRoot = "";
			targets = (
				D2DA8996264C3BD200817202 /* Tasks */,
				D2DA89AF264C3BD300817202 /* TasksTests */,
				D2DA89BA264C3BD300817202 /* TasksUITests */,
			);
		};
/* End PBXProject section */

/* Begin PBXResourcesBuildPhase section */
		D2DA8995264C3BD200817202 /* Resources */ = {
			isa = PBXResourcesBuildPhase;
			buildActionMask = 2147483647;
			files = (
				D2DA89AA264C3BD300817202 /* LaunchScreen.storyboard in Resources */,
				D2DA89A7264C3BD300817202 /* Assets.xcassets in Resources */,
				D2DA89A2264C3BD200817202 /* Main.storyboard in Resources */,
			);
			runOnlyForDeploymentPostprocessing = 0;
		};
		D2DA89AE264C3BD300817202 /* Resources */ = {
			isa = PBXResourcesBuildPhase;
			buildActionMask = 2147483647;
			files = (
			);
			runOnlyForDeploymentPostprocessing = 0;
		};
		D2DA89B9264C3BD300817202 /* Resources */ = {
			isa = PBXResourcesBuildPhase;
			buildActionMask = 2147483647;
			files = (
			);
			runOnlyForDeploymentPostprocessing = 0;
		};
/* End PBXResourcesBuildPhase section */

/* Begin PBXSourcesBuildPhase section */
		D2DA8993264C3BD200817202 /* Sources */ = {
			isa = PBXSourcesBuildPhase;
			buildActionMask = 2147483647;
			files = (
				D2DA89A5264C3BD200817202 /* Tasks.xcdatamodeld in Sources */,
				D2DA899F264C3BD200817202 /* ViewController.swift in Sources */,
				D2DA899B264C3BD200817202 /* AppDelegate.swift in Sources */,
				D2DA899D264C3BD200817202 /* SceneDelegate.swift in Sources */,
			);
			runOnlyForDeploymentPostprocessing = 0;
		};
		D2DA89AC264C3BD300817202 /* Sources */ = {
			isa = PBXSourcesBuildPhase;
			buildActionMask = 2147483647;
			files = (
				D2DA89B5264C3BD300817202 /* TasksTests.swift in Sources */,
			);
			runOnlyForDeploymentPostprocessing = 0;
		};
		D2DA89B7264C3BD300817202 /* Sources */ = {
			isa = PBXSourcesBuildPhase;
			buildActionMask = 2147483647;
			files = (
				D2DA89C0264C3BD300817202 /* TasksUITests.swift in Sources */,
			);
			runOnlyForDeploymentPostprocessing = 0;
		};
/* End PBXSourcesBuildPhase section */

/* Begin PBXTargetDependency section */
		D2DA89B2264C3BD300817202 /* PBXTargetDependency */ = {
			isa = PBXTargetDependency;
			target = D2DA8996264C3BD200817202 /* Tasks */;
			targetProxy = D2DA89B1264C3BD300817202 /* PBXContainerItemProxy */;
		};
		D2DA89BD264C3BD300817202 /* PBXTargetDependency */ = {
			isa = PBXTargetDependency;
			target = D2DA8996264C3BD200817202 /* Tasks */;
			targetProxy = D2DA89BC264C3BD300817202 /* PBXContainerItemProxy */;
		};
/* End PBXTargetDependency section */

/* Begin PBXVariantGroup section */
		D2DA89A0264C3BD200817202 /* Main.storyboard */ = {
			isa = PBXVariantGroup;
			children = (
				D2DA89A1264C3BD200817202 /* Base */,
			);
			name = Main.storyboard;
			sourceTree = "<group>";
		};
		D2DA89A8264C3BD300817202 /* LaunchScreen.storyboard */ = {
			isa = PBXVariantGroup;
			children = (
				D2DA89A9264C3BD300817202 /* Base */,
			);
			name = LaunchScreen.storyboard;
			sourceTree = "<group>";
		};
/* End PBXVariantGroup section */

/* Begin XCBuildConfiguration section */
		D2DA89C2264C3BD300817202 /* Debug */ = {
			isa = XCBuildConfiguration;
			buildSettings = {
				ALWAYS_SEARCH_USER_PATHS = NO;
				CLANG_ANALYZER_NONNULL = YES;
				CLANG_ANALYZER_NUMBER_OBJECT_CONVERSION = YES_AGGRESSIVE;
				CLANG_CXX_LANGUAGE_STANDARD = "gnu++14";
				CLANG_CXX_LIBRARY = "libc++";
				CLANG_ENABLE_MODULES = YES;
				CLANG_ENABLE_OBJC_ARC = YES;
				CLANG_ENABLE_OBJC_WEAK = YES;
				CLANG_WARN_BLOCK_CAPTURE_AUTORELEASING = YES;
				CLANG_WARN_BOOL_CONVERSION = YES;
				CLANG_WARN_COMMA = YES;
				CLANG_WARN_CONSTANT_CONVERSION = YES;
				CLANG_WARN_DEPRECATED_OBJC_IMPLEMENTATIONS = YES;
				CLANG_WARN_DIRECT_OBJC_ISA_USAGE = YES_ERROR;
				CLANG_WARN_DOCUMENTATION_COMMENTS = YES;
				CLANG_WARN_EMPTY_BODY = YES;
				CLANG_WARN_ENUM_CONVERSION = YES;
				CLANG_WARN_INFINITE_RECURSION = YES;
				CLANG_WARN_INT_CONVERSION = YES;
				CLANG_WARN_NON_LITERAL_NULL_CONVERSION = YES;
				CLANG_WARN_OBJC_IMPLICIT_RETAIN_SELF = YES;
				CLANG_WARN_OBJC_LITERAL_CONVERSION = YES;
				CLANG_WARN_OBJC_ROOT_CLASS = YES_ERROR;
				CLANG_WARN_QUOTED_INCLUDE_IN_FRAMEWORK_HEADER = YES;
				CLANG_WARN_RANGE_LOOP_ANALYSIS = YES;
				CLANG_WARN_STRICT_PROTOTYPES = YES;
				CLANG_WARN_SUSPICIOUS_MOVE = YES;
				CLANG_WARN_UNGUARDED_AVAILABILITY = YES_AGGRESSIVE;
				CLANG_WARN_UNREACHABLE_CODE = YES;
				CLANG_WARN__DUPLICATE_METHOD_MATCH = YES;
				COPY_PHASE_STRIP = NO;
				DEBUG_INFORMATION_FORMAT = dwarf;
				ENABLE_STRICT_OBJC_MSGSEND = YES;
				ENABLE_TESTABILITY = YES;
				GCC_C_LANGUAGE_STANDARD = gnu11;
				GCC_DYNAMIC_NO_PIC = NO;
				GCC_NO_COMMON_BLOCKS = YES;
				GCC_OPTIMIZATION_LEVEL = 0;
				GCC_PREPROCESSOR_DEFINITIONS = (
					"DEBUG=1",
					"$(inherited)",
				);
				GCC_WARN_64_TO_32_BIT_CONVERSION = YES;
				GCC_WARN_ABOUT_RETURN_TYPE = YES_ERROR;
				GCC_WARN_UNDECLARED_SELECTOR = YES;
				GCC_WARN_UNINITIALIZED_AUTOS = YES_AGGRESSIVE;
				GCC_WARN_UNUSED_FUNCTION = YES;
				GCC_WARN_UNUSED_VARIABLE = YES;
				IPHONEOS_DEPLOYMENT_TARGET = 14.4;
				MTL_ENABLE_DEBUG_INFO = INCLUDE_SOURCE;
				MTL_FAST_MATH = YES;
				ONLY_ACTIVE_ARCH = YES;
				SDKROOT = iphoneos;
				SWIFT_ACTIVE_COMPILATION_CONDITIONS = DEBUG;
				SWIFT_OPTIMIZATION_LEVEL = "-Onone";
			};
			name = Debug;
		};
		D2DA89C3264C3BD300817202 /* Release */ = {
			isa = XCBuildConfiguration;
			buildSettings = {
				ALWAYS_SEARCH_USER_PATHS = NO;
				CLANG_ANALYZER_NONNULL = YES;
				CLANG_ANALYZER_NUMBER_OBJECT_CONVERSION = YES_AGGRESSIVE;
				CLANG_CXX_LANGUAGE_STANDARD = "gnu++14";
				CLANG_CXX_LIBRARY = "libc++";
				CLANG_ENABLE_MODULES = YES;
				CLANG_ENABLE_OBJC_ARC = YES;
				CLANG_ENABLE_OBJC_WEAK = YES;
				CLANG_WARN_BLOCK_CAPTURE_AUTORELEASING = YES;
				CLANG_WARN_BOOL_CONVERSION = YES;
				CLANG_WARN_COMMA = YES;
				CLANG_WARN_CONSTANT_CONVERSION = YES;
				CLANG_WARN_DEPRECATED_OBJC_IMPLEMENTATIONS = YES;
				CLANG_WARN_DIRECT_OBJC_ISA_USAGE = YES_ERROR;
				CLANG_WARN_DOCUMENTATION_COMMENTS = YES;
				CLANG_WARN_EMPTY_BODY = YES;
				CLANG_WARN_ENUM_CONVERSION = YES;
				CLANG_WARN_INFINITE_RECURSION = YES;
				CLANG_WARN_INT_CONVERSION = YES;
				CLANG_WARN_NON_LITERAL_NULL_CONVERSION = YES;
				CLANG_WARN_OBJC_IMPLICIT_RETAIN_SELF = YES;
				CLANG_WARN_OBJC_LITERAL_CONVERSION = YES;
				CLANG_WARN_OBJC_ROOT_CLASS = YES_ERROR;
				CLANG_WARN_QUOTED_INCLUDE_IN_FRAMEWORK_HEADER = YES;
				CLANG_WARN_RANGE_LOOP_ANALYSIS = YES;
				CLANG_WARN_STRICT_PROTOTYPES = YES;
				CLANG_WARN_SUSPICIOUS_MOVE = YES;
				CLANG_WARN_UNGUARDED_AVAILABILITY = YES_AGGRESSIVE;
				CLANG_WARN_UNREACHABLE_CODE = YES;
				CLANG_WARN__DUPLICATE_METHOD_MATCH = YES;
				COPY_PHASE_STRIP = NO;
				DEBUG_INFORMATION_FORMAT = "dwarf-with-dsym";
				ENABLE_NS_ASSERTIONS = NO;
				ENABLE_STRICT_OBJC_MSGSEND = YES;
				GCC_C_LANGUAGE_STANDARD = gnu11;
				GCC_NO_COMMON_BLOCKS = YES;
				GCC_WARN_64_TO_32_BIT_CONVERSION = YES;
				GCC_WARN_ABOUT_RETURN_TYPE = YES_ERROR;
				GCC_WARN_UNDECLARED_SELECTOR = YES;
				GCC_WARN_UNINITIALIZED_AUTOS = YES_AGGRESSIVE;
				GCC_WARN_UNUSED_FUNCTION = YES;
				GCC_WARN_UNUSED_VARIABLE = YES;
				IPHONEOS_DEPLOYMENT_TARGET = 14.4;
				MTL_ENABLE_DEBUG_INFO = NO;
				MTL_FAST_MATH = YES;
				SDKROOT = iphoneos;
				SWIFT_COMPILATION_MODE = wholemodule;
				SWIFT_OPTIMIZATION_LEVEL = "-O";
				VALIDATE_PRODUCT = YES;
			};
			name = Release;
		};
		D2DA89C5264C3BD300817202 /* Debug */ = {
			isa = XCBuildConfiguration;
			buildSettings = {
				ASSETCATALOG_COMPILER_APPICON_NAME = AppIcon;
				ASSETCATALOG_COMPILER_GLOBAL_ACCENT_COLOR_NAME = AccentColor;
				CODE_SIGN_STYLE = Automatic;
				INFOPLIST_FILE = Tasks/Info.plist;
				LD_RUNPATH_SEARCH_PATHS = (
					"$(inherited)",
					"@executable_path/Frameworks",
				);
				PRODUCT_BUNDLE_IDENTIFIER = project.one.com.br.Tasks;
				PRODUCT_NAME = "$(TARGET_NAME)";
				SWIFT_VERSION = 5.0;
				TARGETED_DEVICE_FAMILY = "1,2";
			};
			name = Debug;
		};
		D2DA89C6264C3BD300817202 /* Release */ = {
			isa = XCBuildConfiguration;
			buildSettings = {
				ASSETCATALOG_COMPILER_APPICON_NAME = AppIcon;
				ASSETCATALOG_COMPILER_GLOBAL_ACCENT_COLOR_NAME = AccentColor;
				CODE_SIGN_STYLE = Automatic;
				INFOPLIST_FILE = Tasks/Info.plist;
				LD_RUNPATH_SEARCH_PATHS = (
					"$(inherited)",
					"@executable_path/Frameworks",
				);
				PRODUCT_BUNDLE_IDENTIFIER = project.one.com.br.Tasks;
				PRODUCT_NAME = "$(TARGET_NAME)";
				SWIFT_VERSION = 5.0;
				TARGETED_DEVICE_FAMILY = "1,2";
			};
			name = Release;
		};
		D2DA89C8264C3BD300817202 /* Debug */ = {
			isa = XCBuildConfiguration;
			buildSettings = {
				ALWAYS_EMBED_SWIFT_STANDARD_LIBRARIES = YES;
				BUNDLE_LOADER = "$(TEST_HOST)";
				CODE_SIGN_STYLE = Automatic;
				INFOPLIST_FILE = TasksTests/Info.plist;
				IPHONEOS_DEPLOYMENT_TARGET = 14.4;
				LD_RUNPATH_SEARCH_PATHS = (
					"$(inherited)",
					"@executable_path/Frameworks",
					"@loader_path/Frameworks",
				);
				PRODUCT_BUNDLE_IDENTIFIER = project.one.com.br.TasksTests;
				PRODUCT_NAME = "$(TARGET_NAME)";
				SWIFT_VERSION = 5.0;
				TARGETED_DEVICE_FAMILY = "1,2";
				TEST_HOST = "$(BUILT_PRODUCTS_DIR)/Tasks.app/Tasks";
			};
			name = Debug;
		};
		D2DA89C9264C3BD300817202 /* Release */ = {
			isa = XCBuildConfiguration;
			buildSettings = {
				ALWAYS_EMBED_SWIFT_STANDARD_LIBRARIES = YES;
				BUNDLE_LOADER = "$(TEST_HOST)";
				CODE_SIGN_STYLE = Automatic;
				INFOPLIST_FILE = TasksTests/Info.plist;
				IPHONEOS_DEPLOYMENT_TARGET = 14.4;
				LD_RUNPATH_SEARCH_PATHS = (
					"$(inherited)",
					"@executable_path/Frameworks",
					"@loader_path/Frameworks",
				);
				PRODUCT_BUNDLE_IDENTIFIER = project.one.com.br.TasksTests;
				PRODUCT_NAME = "$(TARGET_NAME)";
				SWIFT_VERSION = 5.0;
				TARGETED_DEVICE_FAMILY = "1,2";
				TEST_HOST = "$(BUILT_PRODUCTS_DIR)/Tasks.app/Tasks";
			};
			name = Release;
		};
		D2DA89CB264C3BD300817202 /* Debug */ = {
			isa = XCBuildConfiguration;
			buildSettings = {
				ALWAYS_EMBED_SWIFT_STANDARD_LIBRARIES = YES;
				CODE_SIGN_STYLE = Automatic;
				INFOPLIST_FILE = TasksUITests/Info.plist;
				LD_RUNPATH_SEARCH_PATHS = (
					"$(inherited)",
					"@executable_path/Frameworks",
					"@loader_path/Frameworks",
				);
				PRODUCT_BUNDLE_IDENTIFIER = project.one.com.br.TasksUITests;
				PRODUCT_NAME = "$(TARGET_NAME)";
				SWIFT_VERSION = 5.0;
				TARGETED_DEVICE_FAMILY = "1,2";
				TEST_TARGET_NAME = Tasks;
			};
			name = Debug;
		};
		D2DA89CC264C3BD300817202 /* Release */ = {
			isa = XCBuildConfiguration;
			buildSettings = {
				ALWAYS_EMBED_SWIFT_STANDARD_LIBRARIES = YES;
				CODE_SIGN_STYLE = Automatic;
				INFOPLIST_FILE = TasksUITests/Info.plist;
				LD_RUNPATH_SEARCH_PATHS = (
					"$(inherited)",
					"@executable_path/Frameworks",
					"@loader_path/Frameworks",
				);
				PRODUCT_BUNDLE_IDENTIFIER = project.one.com.br.TasksUITests;
				PRODUCT_NAME = "$(TARGET_NAME)";
				SWIFT_VERSION = 5.0;
				TARGETED_DEVICE_FAMILY = "1,2";
				TEST_TARGET_NAME = Tasks;
			};
			name = Release;
		};
/* End XCBuildConfiguration section */

/* Begin XCConfigurationList section */
		D2DA8992264C3BD200817202 /* Build configuration list for PBXProject "Tasks" */ = {
			isa = XCConfigurationList;
			buildConfigurations = (
				D2DA89C2264C3BD300817202 /* Debug */,
				D2DA89C3264C3BD300817202 /* Release */,
			);
			defaultConfigurationIsVisible = 0;
			defaultConfigurationName = Release;
		};
		D2DA89C4264C3BD300817202 /* Build configuration list for PBXNativeTarget "Tasks" */ = {
			isa = XCConfigurationList;
			buildConfigurations = (
				D2DA89C5264C3BD300817202 /* Debug */,
				D2DA89C6264C3BD300817202 /* Release */,
			);
			defaultConfigurationIsVisible = 0;
			defaultConfigurationName = Release;
		};
		D2DA89C7264C3BD300817202 /* Build configuration list for PBXNativeTarget "TasksTests" */ = {
			isa = XCConfigurationList;
			buildConfigurations = (
				D2DA89C8264C3BD300817202 /* Debug */,
				D2DA89C9264C3BD300817202 /* Release */,
			);
			defaultConfigurationIsVisible = 0;
			defaultConfigurationName = Release;
		};
		D2DA89CA264C3BD300817202 /* Build configuration list for PBXNativeTarget "TasksUITests" */ = {
			isa = XCConfigurationList;
			buildConfigurations = (
				D2DA89CB264C3BD300817202 /* Debug */,
				D2DA89CC264C3BD300817202 /* Release */,
			);
			defaultConfigurationIsVisible = 0;
			defaultConfigurationName = Release;
		};
/* End XCConfigurationList section */

/* Begin XCVersionGroup section */
		D2DA89A3264C3BD200817202 /* Tasks.xcdatamodeld */ = {
			isa = XCVersionGroup;
			children = (
				D2DA89A4264C3BD200817202 /* Tasks.xcdatamodel */,
			);
			currentVersion = D2DA89A4264C3BD200817202 /* Tasks.xcdatamodel */;
			path = Tasks.xcdatamodeld;
			sourceTree = "<group>";
			versionGroupType = wrapper.xcdatamodel;
		};
/* End XCVersionGroup section */
	};
	rootObject = D2DA898F264C3BD200817202 /* Project object */;
}
